{
  "projects": [
    {
      "projectId": "kh4DHzfPKxHW3t3zk2aoXn",
      "version": "latest",
      "dependencies": {},
      "lang": "ts",
      "fileLocks": [
        {
          "type": "renderModule",
          "assetId": "kHlDB0gRRG0SN",
          "checksum": "b517e0091b811a3447b11c7a3abdf2de"
        },
        {
          "type": "cssRules",
          "assetId": "kHlDB0gRRG0SN",
          "checksum": "b517e0091b811a3447b11c7a3abdf2de"
        },
        {
          "type": "renderModule",
          "assetId": "R93O6qtnoGgKV",
          "checksum": "129c50c941259ee3fadd7505fc00908a"
        },
        {
          "type": "cssRules",
          "assetId": "R93O6qtnoGgKV",
          "checksum": "129c50c941259ee3fadd7505fc00908a"
        },
        {
          "type": "renderModule",
          "assetId": "wfKz4k2V_x8Tz",
          "checksum": "1608d78866fc91c97799c45719423ae1"
        },
        {
          "type": "cssRules",
          "assetId": "wfKz4k2V_x8Tz",
          "checksum": "1608d78866fc91c97799c45719423ae1"
        },
        {
          "type": "renderModule",
          "assetId": "jn3tiZJi2jCL9",
          "checksum": "8b3e8d68ab14718bd12d2ea1dc428b43"
        },
        {
          "type": "cssRules",
          "assetId": "jn3tiZJi2jCL9",
          "checksum": "8b3e8d68ab14718bd12d2ea1dc428b43"
        },
        {
          "type": "renderModule",
          "assetId": "_AWLPzi8y1je2",
          "checksum": "bf2e1cd3da096fbb45ab6a8bbfa96491"
        },
        {
          "type": "cssRules",
          "assetId": "_AWLPzi8y1je2",
          "checksum": "bf2e1cd3da096fbb45ab6a8bbfa96491"
        },
        {
          "type": "renderModule",
          "assetId": "FK-N1HclqeD64P",
          "checksum": "b3a24747ecbc9480ceb6223d1755220e"
        },
        {
          "type": "cssRules",
          "assetId": "FK-N1HclqeD64P",
          "checksum": "b3a24747ecbc9480ceb6223d1755220e"
        },
        {
          "type": "renderModule",
          "assetId": "eUvFTpTI4dJJVg",
          "checksum": "27b8866ad2b958b4ce71dbe36ef76994"
        },
        {
          "type": "cssRules",
          "assetId": "eUvFTpTI4dJJVg",
          "checksum": "27b8866ad2b958b4ce71dbe36ef76994"
        },
        {
          "type": "renderModule",
          "assetId": "9gVbaqOElK63Ae",
          "checksum": "fd65df1f75bcb86473502b79ecc78114"
        },
        {
          "type": "cssRules",
          "assetId": "9gVbaqOElK63Ae",
          "checksum": "fd65df1f75bcb86473502b79ecc78114"
        },
        {
          "type": "renderModule",
          "assetId": "0gQ3RbV4NzdZ9M",
          "checksum": "6db4bd7e80b65c8c58a5833e3a47a48d"
        },
        {
          "type": "cssRules",
          "assetId": "0gQ3RbV4NzdZ9M",
          "checksum": "6db4bd7e80b65c8c58a5833e3a47a48d"
        },
        {
          "type": "renderModule",
          "assetId": "swF-mIACj50Mj0",
          "checksum": "c30d00ebcf7da7cff7db90ad1eee7e01"
        },
        {
          "type": "cssRules",
          "assetId": "swF-mIACj50Mj0",
          "checksum": "c30d00ebcf7da7cff7db90ad1eee7e01"
        },
        {
          "type": "renderModule",
          "assetId": "3oECv05maA",
          "checksum": "9c4a75077b785fd955504f6f4ef09d99"
        },
        {
          "type": "cssRules",
          "assetId": "3oECv05maA",
          "checksum": "9c4a75077b785fd955504f6f4ef09d99"
        },
        {
          "type": "renderModule",
          "assetId": "f-2yG4nl9J",
          "checksum": "86d4fabc217f1cb43aadba1a6974c33f"
        },
        {
          "type": "cssRules",
          "assetId": "f-2yG4nl9J",
          "checksum": "86d4fabc217f1cb43aadba1a6974c33f"
        },
        {
          "type": "renderModule",
          "assetId": "0Jteo_49Jd",
          "checksum": "0e60cb502791c62862a31f8f6f4266a9"
        },
        {
          "type": "cssRules",
          "assetId": "0Jteo_49Jd",
          "checksum": "0e60cb502791c62862a31f8f6f4266a9"
        },
        {
          "type": "icon",
          "assetId": "FY6SOvu8bSN_A2",
          "checksum": "907d2f7940994178361e158257415353"
        },
        {
          "type": "icon",
          "assetId": "Iidz4fiYFzaCx2",
          "checksum": "27b477d0cc85d23d663d022bc3426f92"
        },
        {
          "type": "icon",
          "assetId": "P2HfTecZ8wW48O",
          "checksum": "7c7756e72b189754eb0f5ad415cfbaf5"
        },
        {
          "type": "icon",
          "assetId": "eXU8J73g1CMj9n",
          "checksum": "a07e561c082617fa41ebfb323026a3a1"
        },
        {
          "type": "icon",
          "assetId": "d9XEwTAXFRidi3",
          "checksum": "ec208d2e4273ec4c41d31ff9f3ec40c3"
        },
        {
          "type": "icon",
          "assetId": "XSHRofSGUn2Jyk",
          "checksum": "a9d2d3289bca183effc686de7be9f4b3"
        },
        {
          "type": "icon",
          "assetId": "9q4QdB4CwpL2Es",
          "checksum": "6daaea26b20222180a084dbaffa90379"
        },
        {
          "type": "icon",
          "assetId": "OOpb4SyTCRChrR",
          "checksum": "af3b91ebaaa0a7bca4f8b3b0e71e7690"
        },
        {
          "type": "icon",
          "assetId": "f-nAuvb9tRTdZW",
          "checksum": "fc3f75581364e6ddf348a79a78e6cc50"
        },
        {
          "type": "icon",
          "assetId": "6mZ-ajJ6aX",
          "checksum": "c863ad4aefcd019f4ad0def1b186145e"
        },
        {
          "type": "icon",
          "assetId": "ZenjVOoZHS",
          "checksum": "0c93453795ec116c84621b15bddcc720"
        },
        {
          "type": "image",
          "assetId": "MjSmeP3_gi",
          "checksum": "c813928d0e47df1416f4d041b52cd37c"
        },
        {
          "type": "icon",
          "assetId": "BVQ9O7lzCF",
          "checksum": "f4f67355c2a6b5bcbda803137b71f63e"
        },
        {
          "type": "renderModule",
          "assetId": "wMxKYxS1oT",
          "checksum": "d70156452a247989146dc762398af8e5"
        },
        {
          "type": "cssRules",
          "assetId": "wMxKYxS1oT",
          "checksum": "d70156452a247989146dc762398af8e5"
        },
        {
          "type": "icon",
          "assetId": "-vmCDH9BLC",
          "checksum": "c921044fb4ed405c1011cd5c02dca3b8"
        },
        {
          "type": "renderModule",
          "assetId": "bRF9tCxc_y",
          "checksum": "407d0349b2130ea28619083e06d235dd"
        },
        {
          "type": "cssRules",
          "assetId": "bRF9tCxc_y",
          "checksum": "407d0349b2130ea28619083e06d235dd"
        },
        {
          "type": "renderModule",
          "assetId": "RxL_wX8Eo6",
          "checksum": "0e1fb493aa706a1bf40fe747740aee59"
        },
        {
          "type": "cssRules",
          "assetId": "RxL_wX8Eo6",
          "checksum": "0e1fb493aa706a1bf40fe747740aee59"
        },
        {
          "type": "icon",
          "assetId": "-_e4EfrUeC",
          "checksum": "e1fa3352384f5fcc394e83bb92b59182"
        },
        {
          "type": "icon",
          "assetId": "92-GLmRB2L",
          "checksum": "54bec061d2cb0e66939177b88ed7b2dd"
        },
        {
          "type": "renderModule",
          "assetId": "YlZHMfPSc4",
          "checksum": "d28938cf43e488233dcdb40e8cba0bb0"
        },
        {
          "type": "cssRules",
          "assetId": "YlZHMfPSc4",
          "checksum": "d28938cf43e488233dcdb40e8cba0bb0"
        },
        {
          "type": "icon",
          "assetId": "U8cy8CFv-U",
          "checksum": "cc3059bde4b0fd09ca602f16d3eff3ca"
        },
        {
          "assetId": "kh4DHzfPKxHW3t3zk2aoXn",
          "type": "projectCss",
          "checksum": "5b3603014f67bf6f00886c1bdb4096ea"
        }
      ],
      "codegenVersion": "0.0.1"
    }
  ],
  "cliVersion": "0.1.272"
}
